<?xml version="1.0" encoding="utf-8"?>
<Project ToolsVersion="4.0" xmlns="http://schemas.microsoft.com/developer/msbuild/2003">
  <ItemGroup>
    <Filter Include="Source Files">
      <UniqueIdentifier>{7b38a96d-f323-40fe-8c9c-c840cf46fdfe}</UniqueIdentifier>
    </Filter>
    <Filter Include="Generated Files">
      <UniqueIdentifier>{d5284b3f-20b1-4b07-ba57-91ae0b258890}</UniqueIdentifier>
      <SourceControlFiles>False</SourceControlFiles>
    </Filter>
  </ItemGroup>
  <ItemGroup>
    <None Include="HelloWorldps.def" />
  </ItemGroup>
  <ItemGroup>
    <ClCompile Include="HelloWorld_i.c">
      <Filter>Generated Files</Filter>
    </ClCompile>
    <ClCompile Include="HelloWorld_p.c">
      <Filter>Generated Files</Filter>
    </ClCompile>
    <ClCompile Include="dlldata.c">
      <Filter>Generated Files</Filter>
    </ClCompile>
  </ItemGroup>
</Project>